
Microsoft Visual Studio Solution File, Format Version 12.00
# Visual Studio Version 16
VisualStudioVersion = 16.0.29009.5
MinimumVisualStudioVersion = 10.0.40219.1
Project("{FAE04EC0-301F-11D3-BF4B-00C04F79EFBC}") = "MedicPLUS", "MedicPLUS\MedicPLUS.csproj", "{0A120056-5FAD-41C7-9275-F570CBAC8E4B}"
EndProject
Project("{54435603-DBB4-11D2-8724-00A0C9A8B90C}") = "MedicPlusSetup", "MedicPlusSetup\MedicPlusSetup.vdproj", "{6F52A971-FF7D-4D33-A85F-9F28FDD79C15}"
EndProject
Global
	GlobalSection(SolutionConfigurationPlatforms) = preSolution
		Debug|Any CPU = Debug|Any CPU
		Release|Any CPU = Release|Any CPU
	EndGlobalSection
	GlobalSection(ProjectConfigurationPlatforms) = postSolution
		{0A120056-5FAD-41C7-9275-F570CBAC8E4B}.Debug|Any CPU.ActiveCfg = Debug|Any CPU
		{0A120056-5FAD-41C7-9275-F570CBAC8E4B}.Debug|Any CPU.Build.0 = Debug|Any CPU
		{0A120056-5FAD-41C7-9275-F570CBAC8E4B}.Release|Any CPU.ActiveCfg = Release|Any CPU
		{0A120056-5FAD-41C7-9275-F570CBAC8E4B}.Release|Any CPU.Build.0 = Release|Any CPU
		{6F52A971-FF7D-4D33-A85F-9F28FDD79C15}.Debug|Any CPU.ActiveCfg = Debug
		{6F52A971-FF7D-4D33-A85F-9F28FDD79C15}.Debug|Any CPU.Build.0 = Debug
		{6F52A971-FF7D-4D33-A85F-9F28FDD79C15}.Release|Any CPU.ActiveCfg = Release
		{6F52A971-FF7D-4D33-A85F-9F28FDD79C15}.Release|Any CPU.Build.0 = Release
	EndGlobalSection
	GlobalSection(SolutionProperties) = preSolution
		HideSolutionNode = FALSE
	EndGlobalSection
	GlobalSection(ExtensibilityGlobals) = postSolution
		SolutionGuid = {86BCABC4-57C3-460D-A7AF-309AE3460EBD}
	EndGlobalSection
EndGlobal
